// !$*UTF8*$!
{
	archiveVersion = 1;
	classes = {
	};
	objectVersion = 51;
	objects = {

/* Begin PBXBuildFile section */
		7A5604B9230060BD00B57603 /* AppDelegate.swift in Sources */ = {isa = PBXBuildFile; fileRef = 7A5604B8230060BD00B57603 /* AppDelegate.swift */; };
		7A5604BB230060BD00B57603 /* ViewController.swift in Sources */ = {isa = PBXBuildFile; fileRef = 7A5604BA230060BD00B57603 /* ViewController.swift */; };
		7A5604BE230060BD00B57603 /* Main.storyboard in Resources */ = {isa = PBXBuildFile; fileRef = 7A5604BC230060BD00B57603 /* Main.storyboard */; };
		7A5604C1230060BD00B57603 /* myMovies.xcdatamodeld in Sources */ = {isa = PBXBuildFile; fileRef = 7A5604BF230060BD00B57603 /* myMovies.xcdatamodeld */; };
		7A5604C3230060BF00B57603 /* Assets.xcassets in Resources */ = {isa = PBXBuildFile; fileRef = 7A5604C2230060BF00B57603 /* Assets.xcassets */; };
		7A5604C6230060BF00B57603 /* LaunchScreen.storyboard in Resources */ = {isa = PBXBuildFile; fileRef = 7A5604C4230060BF00B57603 /* LaunchScreen.storyboard */; };
		7A5604D1230060BF00B57603 /* myMoviesTests.swift in Sources */ = {isa = PBXBuildFile; fileRef = 7A5604D0230060BF00B57603 /* myMoviesTests.swift */; };
		A4E268BB19712BB66B643FA4 /* Pods_myMovies.framework in Frameworks */ = {isa = PBXBuildFile; fileRef = 63C8F3D5E48EF019B1C57884 /* Pods_myMovies.framework */; };
		CF62EFA0924027F4F09B320F /* Pods_myMoviesTests.framework in Frameworks */ = {isa = PBXBuildFile; fileRef = 510C2224EDFED614E1327173 /* Pods_myMoviesTests.framework */; };
/* End PBXBuildFile section */

/* Begin PBXContainerItemProxy section */
		7A5604CD230060BF00B57603 /* PBXContainerItemProxy */ = {
			isa = PBXContainerItemProxy;
			containerPortal = 7A5604AD230060BD00B57603 /* Project object */;
			proxyType = 1;
			remoteGlobalIDString = 7A5604B4230060BD00B57603;
			remoteInfo = myMovies;
		};
/* End PBXContainerItemProxy section */

/* Begin PBXFileReference section */
		510C2224EDFED614E1327173 /* Pods_myMoviesTests.framework */ = {isa = PBXFileReference; explicitFileType = wrapper.framework; includeInIndex = 0; path = Pods_myMoviesTests.framework; sourceTree = BUILT_PRODUCTS_DIR; };
		63C8F3D5E48EF019B1C57884 /* Pods_myMovies.framework */ = {isa = PBXFileReference; explicitFileType = wrapper.framework; includeInIndex = 0; path = Pods_myMovies.framework; sourceTree = BUILT_PRODUCTS_DIR; };
		66A20D61502D4ABA3E7BC26F /* Pods-myMoviesTests.debug.xcconfig */ = {isa = PBXFileReference; includeInIndex = 1; lastKnownFileType = text.xcconfig; name = "Pods-myMoviesTests.debug.xcconfig"; path = "Target Support Files/Pods-myMoviesTests/Pods-myMoviesTests.debug.xcconfig"; sourceTree = "<group>"; };
		7A5604B5230060BD00B57603 /* myMovies.app */ = {isa = PBXFileReference; explicitFileType = wrapper.application; includeInIndex = 0; path = myMovies.app; sourceTree = BUILT_PRODUCTS_DIR; };
		7A5604B8230060BD00B57603 /* AppDelegate.swift */ = {isa = PBXFileReference; lastKnownFileType = sourcecode.swift; path = AppDelegate.swift; sourceTree = "<group>"; };
		7A5604BA230060BD00B57603 /* ViewController.swift */ = {isa = PBXFileReference; lastKnownFileType = sourcecode.swift; path = ViewController.swift; sourceTree = "<group>"; };
		7A5604BD230060BD00B57603 /* Base */ = {isa = PBXFileReference; lastKnownFileType = file.storyboard; name = Base; path = Base.lproj/Main.storyboard; sourceTree = "<group>"; };
		7A5604C0230060BD00B57603 /* myMovies.xcdatamodel */ = {isa = PBXFileReference; lastKnownFileType = wrapper.xcdatamodel; path = myMovies.xcdatamodel; sourceTree = "<group>"; };
		7A5604C2230060BF00B57603 /* Assets.xcassets */ = {isa = PBXFileReference; lastKnownFileType = folder.assetcatalog; path = Assets.xcassets; sourceTree = "<group>"; };
		7A5604C5230060BF00B57603 /* Base */ = {isa = PBXFileReference; lastKnownFileType = file.storyboard; name = Base; path = Base.lproj/LaunchScreen.storyboard; sourceTree = "<group>"; };
		7A5604C7230060BF00B57603 /* Info.plist */ = {isa = PBXFileReference; lastKnownFileType = text.plist.xml; path = Info.plist; sourceTree = "<group>"; };
		7A5604CC230060BF00B57603 /* myMoviesTests.xctest */ = {isa = PBXFileReference; explicitFileType = wrapper.cfbundle; includeInIndex = 0; path = myMoviesTests.xctest; sourceTree = BUILT_PRODUCTS_DIR; };
		7A5604D0230060BF00B57603 /* myMoviesTests.swift */ = {isa = PBXFileReference; lastKnownFileType = sourcecode.swift; path = myMoviesTests.swift; sourceTree = "<group>"; };
		7A5604D2230060BF00B57603 /* Info.plist */ = {isa = PBXFileReference; lastKnownFileType = text.plist.xml; path = Info.plist; sourceTree = "<group>"; };
		87732F16C3FC119FCDF469D7 /* Pods-myMovies.release.xcconfig */ = {isa = PBXFileReference; includeInIndex = 1; lastKnownFileType = text.xcconfig; name = "Pods-myMovies.release.xcconfig"; path = "Target Support Files/Pods-myMovies/Pods-myMovies.release.xcconfig"; sourceTree = "<group>"; };
		AC30F22AE68E4A916C641D54 /* Pods-myMovies.debug.xcconfig */ = {isa = PBXFileReference; includeInIndex = 1; lastKnownFileType = text.xcconfig; name = "Pods-myMovies.debug.xcconfig"; path = "Target Support Files/Pods-myMovies/Pods-myMovies.debug.xcconfig"; sourceTree = "<group>"; };
		C63462D49A818FD325711514 /* Pods-myMoviesTests.release.xcconfig */ = {isa = PBXFileReference; includeInIndex = 1; lastKnownFileType = text.xcconfig; name = "Pods-myMoviesTests.release.xcconfig"; path = "Target Support Files/Pods-myMoviesTests/Pods-myMoviesTests.release.xcconfig"; sourceTree = "<group>"; };
/* End PBXFileReference section */

/* Begin PBXFrameworksBuildPhase section */
		7A5604B2230060BD00B57603 /* Frameworks */ = {
			isa = PBXFrameworksBuildPhase;
			buildActionMask = 2147483647;
			files = (
				A4E268BB19712BB66B643FA4 /* Pods_myMovies.framework in Frameworks */,
			);
			runOnlyForDeploymentPostprocessing = 0;
		};
		7A5604C9230060BF00B57603 /* Frameworks */ = {
			isa = PBXFrameworksBuildPhase;
			buildActionMask = 2147483647;
			files = (
				CF62EFA0924027F4F09B320F /* Pods_myMoviesTests.framework in Frameworks */,
			);
			runOnlyForDeploymentPostprocessing = 0;
		};
/* End PBXFrameworksBuildPhase section */

/* Begin PBXGroup section */
		14507E5C793AF1EDFDD9FACE /* Frameworks */ = {
			isa = PBXGroup;
			children = (
				63C8F3D5E48EF019B1C57884 /* Pods_myMovies.framework */,
				510C2224EDFED614E1327173 /* Pods_myMoviesTests.framework */,
			);
			name = Frameworks;
			sourceTree = "<group>";
		};
		6F227DC1A41C72D976D2D68F /* Pods */ = {
			isa = PBXGroup;
			children = (
				AC30F22AE68E4A916C641D54 /* Pods-myMovies.debug.xcconfig */,
				87732F16C3FC119FCDF469D7 /* Pods-myMovies.release.xcconfig */,
				66A20D61502D4ABA3E7BC26F /* Pods-myMoviesTests.debug.xcconfig */,
				C63462D49A818FD325711514 /* Pods-myMoviesTests.release.xcconfig */,
			);
			path = Pods;
			sourceTree = "<group>";
		};
		7A5604AC230060BD00B57603 = {
			isa = PBXGroup;
			children = (
				7A5604B7230060BD00B57603 /* myMovies */,
				7A5604CF230060BF00B57603 /* myMoviesTests */,
				7A5604B6230060BD00B57603 /* Products */,
				6F227DC1A41C72D976D2D68F /* Pods */,
				14507E5C793AF1EDFDD9FACE /* Frameworks */,
			);
			sourceTree = "<group>";
		};
		7A5604B6230060BD00B57603 /* Products */ = {
			isa = PBXGroup;
			children = (
				7A5604B5230060BD00B57603 /* myMovies.app */,
				7A5604CC230060BF00B57603 /* myMoviesTests.xctest */,
			);
			name = Products;
			sourceTree = "<group>";
		};
		7A5604B7230060BD00B57603 /* myMovies */ = {
			isa = PBXGroup;
			children = (
				7A5604DC230063BB00B57603 /* Recources */,
				7A5604DB2300637900B57603 /* Sources */,
				7A5604C2230060BF00B57603 /* Assets.xcassets */,
				7A5604C7230060BF00B57603 /* Info.plist */,
				7A5604BF230060BD00B57603 /* myMovies.xcdatamodeld */,
			);
			path = myMovies;
			sourceTree = "<group>";
		};
		7A5604CF230060BF00B57603 /* myMoviesTests */ = {
			isa = PBXGroup;
			children = (
				7A5604D0230060BF00B57603 /* myMoviesTests.swift */,
				7A5604D2230060BF00B57603 /* Info.plist */,
			);
			path = myMoviesTests;
			sourceTree = "<group>";
		};
		7A5604DB2300637900B57603 /* Sources */ = {
			isa = PBXGroup;
			children = (
				7A5604B8230060BD00B57603 /* AppDelegate.swift */,
				7A5604BA230060BD00B57603 /* ViewController.swift */,
			);
			path = Sources;
			sourceTree = "<group>";
		};
		7A5604DC230063BB00B57603 /* Recources */ = {
			isa = PBXGroup;
			children = (
				7A5604BC230060BD00B57603 /* Main.storyboard */,
				7A5604C4230060BF00B57603 /* LaunchScreen.storyboard */,
			);
			path = Recources;
			sourceTree = "<group>";
		};
/* End PBXGroup section */

/* Begin PBXNativeTarget section */
		7A5604B4230060BD00B57603 /* myMovies */ = {
			isa = PBXNativeTarget;
			buildConfigurationList = 7A5604D5230060BF00B57603 /* Build configuration list for PBXNativeTarget "myMovies" */;
			buildPhases = (
				B7083C187B1ABC733C4E5186 /* [CP] Check Pods Manifest.lock */,
				7A5604B1230060BD00B57603 /* Sources */,
				7A5604B2230060BD00B57603 /* Frameworks */,
				7A5604B3230060BD00B57603 /* Resources */,
				7854763836C8C2444332F0C2 /* [CP] Embed Pods Frameworks */,
			);
			buildRules = (
			);
			dependencies = (
			);
			name = myMovies;
			productName = myMovies;
			productReference = 7A5604B5230060BD00B57603 /* myMovies.app */;
			productType = "com.apple.product-type.application";
		};
		7A5604CB230060BF00B57603 /* myMoviesTests */ = {
			isa = PBXNativeTarget;
			buildConfigurationList = 7A5604D8230060BF00B57603 /* Build configuration list for PBXNativeTarget "myMoviesTests" */;
			buildPhases = (
				518948A622585CD651C354D4 /* [CP] Check Pods Manifest.lock */,
				7A5604C8230060BF00B57603 /* Sources */,
				7A5604C9230060BF00B57603 /* Frameworks */,
				7A5604CA230060BF00B57603 /* Resources */,
			);
			buildRules = (
			);
			dependencies = (
				7A5604CE230060BF00B57603 /* PBXTargetDependency */,
			);
			name = myMoviesTests;
			productName = myMoviesTests;
			productReference = 7A5604CC230060BF00B57603 /* myMoviesTests.xctest */;
			productType = "com.apple.product-type.bundle.unit-test";
		};
/* End PBXNativeTarget section */

/* Begin PBXProject section */
		7A5604AD230060BD00B57603 /* Project object */ = {
			isa = PBXProject;
			attributes = {
				LastSwiftUpdateCheck = 1030;
				LastUpgradeCheck = 1030;
				ORGANIZATIONNAME = "Maksym Bondar";
				TargetAttributes = {
					7A5604B4230060BD00B57603 = {
						CreatedOnToolsVersion = 10.3;
					};
					7A5604CB230060BF00B57603 = {
						CreatedOnToolsVersion = 10.3;
						TestTargetID = 7A5604B4230060BD00B57603;
					};
				};
			};
			buildConfigurationList = 7A5604B0230060BD00B57603 /* Build configuration list for PBXProject "myMovies" */;
			compatibilityVersion = "Xcode 9.3";
			developmentRegion = en;
			hasScannedForEncodings = 0;
			knownRegions = (
				en,
				Base,
			);
			mainGroup = 7A5604AC230060BD00B57603;
			productRefGroup = 7A5604B6230060BD00B57603 /* Products */;
			projectDirPath = "";
			projectRoot = "";
			targets = (
				7A5604B4230060BD00B57603 /* myMovies */,
				7A5604CB230060BF00B57603 /* myMoviesTests */,
			);
		};
/* End PBXProject section */

/* Begin PBXResourcesBuildPhase section */
		7A5604B3230060BD00B57603 /* Resources */ = {
			isa = PBXResourcesBuildPhase;
			buildActionMask = 2147483647;
			files = (
				7A5604C6230060BF00B57603 /* LaunchScreen.storyboard in Resources */,
				7A5604C3230060BF00B57603 /* Assets.xcassets in Resources */,
				7A5604BE230060BD00B57603 /* Main.storyboard in Resources */,
			);
			runOnlyForDeploymentPostprocessing = 0;
		};
		7A5604CA230060BF00B57603 /* Resources */ = {
			isa = PBXResourcesBuildPhase;
			buildActionMask = 2147483647;
			files = (
			);
			runOnlyForDeploymentPostprocessing = 0;
		};
/* End PBXResourcesBuildPhase section */

/* Begin PBXShellScriptBuildPhase section */
		518948A622585CD651C354D4 /* [CP] Check Pods Manifest.lock */ = {
			isa = PBXShellScriptBuildPhase;
			buildActionMask = 2147483647;
			files = (
			);
			inputFileListPaths = (
			);
			inputPaths = (
				"${PODS_PODFILE_DIR_PATH}/Podfile.lock",
				"${PODS_ROOT}/Manifest.lock",
			);
			name = "[CP] Check Pods Manifest.lock";
			outputFileListPaths = (
			);
			outputPaths = (
				"$(DERIVED_FILE_DIR)/Pods-myMoviesTests-checkManifestLockResult.txt",
			);
			runOnlyForDeploymentPostprocessing = 0;
			shellPath = /bin/sh;
			shellScript = "diff \"${PODS_PODFILE_DIR_PATH}/Podfile.lock\" \"${PODS_ROOT}/Manifest.lock\" > /dev/null\nif [ $? != 0 ] ; then\n    # print error to STDERR\n    echo \"error: The sandbox is not in sync with the Podfile.lock. Run 'pod install' or update your CocoaPods installation.\" >&2\n    exit 1\nfi\n# This output is used by Xcode 'outputs' to avoid re-running this script phase.\necho \"SUCCESS\" > \"${SCRIPT_OUTPUT_FILE_0}\"\n";
			showEnvVarsInLog = 0;
		};
		7854763836C8C2444332F0C2 /* [CP] Embed Pods Frameworks */ = {
			isa = PBXShellScriptBuildPhase;
			buildActionMask = 2147483647;
			files = (
			);
			inputFileListPaths = (
				"${PODS_ROOT}/Target Support Files/Pods-myMovies/Pods-myMovies-frameworks-${CONFIGURATION}-input-files.xcfilelist",
			);
			name = "[CP] Embed Pods Frameworks";
			outputFileListPaths = (
				"${PODS_ROOT}/Target Support Files/Pods-myMovies/Pods-myMovies-frameworks-${CONFIGURATION}-output-files.xcfilelist",
			);
			runOnlyForDeploymentPostprocessing = 0;
			shellPath = /bin/sh;
			shellScript = "\"${PODS_ROOT}/Target Support Files/Pods-myMovies/Pods-myMovies-frameworks.sh\"\n";
			showEnvVarsInLog = 0;
		};
		B7083C187B1ABC733C4E5186 /* [CP] Check Pods Manifest.lock */ = {
			isa = PBXShellScriptBuildPhase;
			buildActionMask = 2147483647;
			files = (
			);
			inputFileListPaths = (
			);
			inputPaths = (
				"${PODS_PODFILE_DIR_PATH}/Podfile.lock",
				"${PODS_ROOT}/Manifest.lock",
			);
			name = "[CP] Check Pods Manifest.lock";
			outputFileListPaths = (
			);
			outputPaths = (
				"$(DERIVED_FILE_DIR)/Pods-myMovies-checkManifestLockResult.txt",
			);
			runOnlyForDeploymentPostprocessing = 0;
			shellPath = /bin/sh;
			shellScript = "diff \"${PODS_PODFILE_DIR_PATH}/Podfile.lock\" \"${PODS_ROOT}/Manifest.lock\" > /dev/null\nif [ $? != 0 ] ; then\n    # print error to STDERR\n    echo \"error: The sandbox is not in sync with the Podfile.lock. Run 'pod install' or update your CocoaPods installation.\" >&2\n    exit 1\nfi\n# This output is used by Xcode 'outputs' to avoid re-running this script phase.\necho \"SUCCESS\" > \"${SCRIPT_OUTPUT_FILE_0}\"\n";
			showEnvVarsInLog = 0;
		};
/* End PBXShellScriptBuildPhase section */

/* Begin PBXSourcesBuildPhase section */
		7A5604B1230060BD00B57603 /* Sources */ = {
			isa = PBXSourcesBuildPhase;
			buildActionMask = 2147483647;
			files = (
				7A5604C1230060BD00B57603 /* myMovies.xcdatamodeld in Sources */,
				7A5604BB230060BD00B57603 /* ViewController.swift in Sources */,
				7A5604B9230060BD00B57603 /* AppDelegate.swift in Sources */,
			);
			runOnlyForDeploymentPostprocessing = 0;
		};
		7A5604C8230060BF00B57603 /* Sources */ = {
			isa = PBXSourcesBuildPhase;
			buildActionMask = 2147483647;
			files = (
				7A5604D1230060BF00B57603 /* myMoviesTests.swift in Sources */,
			);
			runOnlyForDeploymentPostprocessing = 0;
		};
/* End PBXSourcesBuildPhase section */

/* Begin PBXTargetDependency section */
		7A5604CE230060BF00B57603 /* PBXTargetDependency */ = {
			isa = PBXTargetDependency;
			target = 7A5604B4230060BD00B57603 /* myMovies */;
			targetProxy = 7A5604CD230060BF00B57603 /* PBXContainerItemProxy */;
		};
/* End PBXTargetDependency section */

/* Begin PBXVariantGroup section */
		7A5604BC230060BD00B57603 /* Main.storyboard */ = {
			isa = PBXVariantGroup;
			children = (
				7A5604BD230060BD00B57603 /* Base */,
			);
			name = Main.storyboard;
			sourceTree = "<group>";
		};
		7A5604C4230060BF00B57603 /* LaunchScreen.storyboard */ = {
			isa = PBXVariantGroup;
			children = (
				7A5604C5230060BF00B57603 /* Base */,
			);
			name = LaunchScreen.storyboard;
			sourceTree = "<group>";
		};
/* End PBXVariantGroup section */

/* Begin XCBuildConfiguration section */
		7A5604D3230060BF00B57603 /* Debug */ = {
			isa = XCBuildConfiguration;
			buildSettings = {
				ALWAYS_SEARCH_USER_PATHS = NO;
				CLANG_ANALYZER_NONNULL = YES;
				CLANG_ANALYZER_NUMBER_OBJECT_CONVERSION = YES_AGGRESSIVE;
				CLANG_CXX_LANGUAGE_STANDARD = "gnu++14";
				CLANG_CXX_LIBRARY = "libc++";
				CLANG_ENABLE_MODULES = YES;
				CLANG_ENABLE_OBJC_ARC = YES;
				CLANG_ENABLE_OBJC_WEAK = YES;
				CLANG_WARN_BLOCK_CAPTURE_AUTORELEASING = YES;
				CLANG_WARN_BOOL_CONVERSION = YES;
				CLANG_WARN_COMMA = YES;
				CLANG_WARN_CONSTANT_CONVERSION = YES;
				CLANG_WARN_DEPRECATED_OBJC_IMPLEMENTATIONS = YES;
				CLANG_WARN_DIRECT_OBJC_ISA_USAGE = YES_ERROR;
				CLANG_WARN_DOCUMENTATION_COMMENTS = YES;
				CLANG_WARN_EMPTY_BODY = YES;
				CLANG_WARN_ENUM_CONVERSION = YES;
				CLANG_WARN_INFINITE_RECURSION = YES;
				CLANG_WARN_INT_CONVERSION = YES;
				CLANG_WARN_NON_LITERAL_NULL_CONVERSION = YES;
				CLANG_WARN_OBJC_IMPLICIT_RETAIN_SELF = YES;
				CLANG_WARN_OBJC_LITERAL_CONVERSION = YES;
				CLANG_WARN_OBJC_ROOT_CLASS = YES_ERROR;
				CLANG_WARN_RANGE_LOOP_ANALYSIS = YES;
				CLANG_WARN_STRICT_PROTOTYPES = YES;
				CLANG_WARN_SUSPICIOUS_MOVE = YES;
				CLANG_WARN_UNGUARDED_AVAILABILITY = YES_AGGRESSIVE;
				CLANG_WARN_UNREACHABLE_CODE = YES;
				CLANG_WARN__DUPLICATE_METHOD_MATCH = YES;
				CODE_SIGN_IDENTITY = "iPhone Developer";
				COPY_PHASE_STRIP = NO;
				DEBUG_INFORMATION_FORMAT = dwarf;
				ENABLE_STRICT_OBJC_MSGSEND = YES;
				ENABLE_TESTABILITY = YES;
				GCC_C_LANGUAGE_STANDARD = gnu11;
				GCC_DYNAMIC_NO_PIC = NO;
				GCC_NO_COMMON_BLOCKS = YES;
				GCC_OPTIMIZATION_LEVEL = 0;
				GCC_PREPROCESSOR_DEFINITIONS = (
					"DEBUG=1",
					"$(inherited)",
				);
				GCC_WARN_64_TO_32_BIT_CONVERSION = YES;
				GCC_WARN_ABOUT_RETURN_TYPE = YES_ERROR;
				GCC_WARN_UNDECLARED_SELECTOR = YES;
				GCC_WARN_UNINITIALIZED_AUTOS = YES_AGGRESSIVE;
				GCC_WARN_UNUSED_FUNCTION = YES;
				GCC_WARN_UNUSED_VARIABLE = YES;
				IPHONEOS_DEPLOYMENT_TARGET = 12.4;
				MTL_ENABLE_DEBUG_INFO = INCLUDE_SOURCE;
				MTL_FAST_MATH = YES;
				ONLY_ACTIVE_ARCH = YES;
				SDKROOT = iphoneos;
				SWIFT_ACTIVE_COMPILATION_CONDITIONS = DEBUG;
				SWIFT_OPTIMIZATION_LEVEL = "-Onone";
			};
			name = Debug;
		};
		7A5604D4230060BF00B57603 /* Release */ = {
			isa = XCBuildConfiguration;
			buildSettings = {
				ALWAYS_SEARCH_USER_PATHS = NO;
				CLANG_ANALYZER_NONNULL = YES;
				CLANG_ANALYZER_NUMBER_OBJECT_CONVERSION = YES_AGGRESSIVE;
				CLANG_CXX_LANGUAGE_STANDARD = "gnu++14";
				CLANG_CXX_LIBRARY = "libc++";
				CLANG_ENABLE_MODULES = YES;
				CLANG_ENABLE_OBJC_ARC = YES;
				CLANG_ENABLE_OBJC_WEAK = YES;
				CLANG_WARN_BLOCK_CAPTURE_AUTORELEASING = YES;
				CLANG_WARN_BOOL_CONVERSION = YES;
				CLANG_WARN_COMMA = YES;
				CLANG_WARN_CONSTANT_CONVERSION = YES;
				CLANG_WARN_DEPRECATED_OBJC_IMPLEMENTATIONS = YES;
				CLANG_WARN_DIRECT_OBJC_ISA_USAGE = YES_ERROR;
				CLANG_WARN_DOCUMENTATION_COMMENTS = YES;
				CLANG_WARN_EMPTY_BODY = YES;
				CLANG_WARN_ENUM_CONVERSION = YES;
				CLANG_WARN_INFINITE_RECURSION = YES;
				CLANG_WARN_INT_CONVERSION = YES;
				CLANG_WARN_NON_LITERAL_NULL_CONVERSION = YES;
				CLANG_WARN_OBJC_IMPLICIT_RETAIN_SELF = YES;
				CLANG_WARN_OBJC_LITERAL_CONVERSION = YES;
				CLANG_WARN_OBJC_ROOT_CLASS = YES_ERROR;
				CLANG_WARN_RANGE_LOOP_ANALYSIS = YES;
				CLANG_WARN_STRICT_PROTOTYPES = YES;
				CLANG_WARN_SUSPICIOUS_MOVE = YES;
				CLANG_WARN_UNGUARDED_AVAILABILITY = YES_AGGRESSIVE;
				CLANG_WARN_UNREACHABLE_CODE = YES;
				CLANG_WARN__DUPLICATE_METHOD_MATCH = YES;
				CODE_SIGN_IDENTITY = "iPhone Developer";
				COPY_PHASE_STRIP = NO;
				DEBUG_INFORMATION_FORMAT = "dwarf-with-dsym";
				ENABLE_NS_ASSERTIONS = NO;
				ENABLE_STRICT_OBJC_MSGSEND = YES;
				GCC_C_LANGUAGE_STANDARD = gnu11;
				GCC_NO_COMMON_BLOCKS = YES;
				GCC_WARN_64_TO_32_BIT_CONVERSION = YES;
				GCC_WARN_ABOUT_RETURN_TYPE = YES_ERROR;
				GCC_WARN_UNDECLARED_SELECTOR = YES;
				GCC_WARN_UNINITIALIZED_AUTOS = YES_AGGRESSIVE;
				GCC_WARN_UNUSED_FUNCTION = YES;
				GCC_WARN_UNUSED_VARIABLE = YES;
				IPHONEOS_DEPLOYMENT_TARGET = 12.4;
				MTL_ENABLE_DEBUG_INFO = NO;
				MTL_FAST_MATH = YES;
				SDKROOT = iphoneos;
				SWIFT_COMPILATION_MODE = wholemodule;
				SWIFT_OPTIMIZATION_LEVEL = "-O";
				VALIDATE_PRODUCT = YES;
			};
			name = Release;
		};
		7A5604D6230060BF00B57603 /* Debug */ = {
			isa = XCBuildConfiguration;
			baseConfigurationReference = AC30F22AE68E4A916C641D54 /* Pods-myMovies.debug.xcconfig */;
			buildSettings = {
				ASSETCATALOG_COMPILER_APPICON_NAME = AppIcon;
				CODE_SIGN_STYLE = Automatic;
				DEVELOPMENT_TEAM = "";
				INFOPLIST_FILE = myMovies/Info.plist;
				LD_RUNPATH_SEARCH_PATHS = (
					"$(inherited)",
					"@executable_path/Frameworks",
				);
				PRODUCT_BUNDLE_IDENTIFIER = com.maksbond.myMovies;
				PRODUCT_NAME = "$(TARGET_NAME)";
				SWIFT_VERSION = 5.0;
				TARGETED_DEVICE_FAMILY = "1,2";
			};
			name = Debug;
		};
		7A5604D7230060BF00B57603 /* Release */ = {
			isa = XCBuildConfiguration;
			baseConfigurationReference = 87732F16C3FC119FCDF469D7 /* Pods-myMovies.release.xcconfig */;
			buildSettings = {
				ASSETCATALOG_COMPILER_APPICON_NAME = AppIcon;
				CODE_SIGN_STYLE = Automatic;
				DEVELOPMENT_TEAM = "";
				INFOPLIST_FILE = myMovies/Info.plist;
				LD_RUNPATH_SEARCH_PATHS = (
					"$(inherited)",
					"@executable_path/Frameworks",
				);
				PRODUCT_BUNDLE_IDENTIFIER = com.maksbond.myMovies;
				PRODUCT_NAME = "$(TARGET_NAME)";
				SWIFT_VERSION = 5.0;
				TARGETED_DEVICE_FAMILY = "1,2";
			};
			name = Release;
		};
		7A5604D9230060BF00B57603 /* Debug */ = {
			isa = XCBuildConfiguration;
			baseConfigurationReference = 66A20D61502D4ABA3E7BC26F /* Pods-myMoviesTests.debug.xcconfig */;
			buildSettings = {
				ALWAYS_EMBED_SWIFT_STANDARD_LIBRARIES = YES;
				BUNDLE_LOADER = "$(TEST_HOST)";
				CODE_SIGN_STYLE = Automatic;
				DEVELOPMENT_TEAM = C98X7R8QA5;
				INFOPLIST_FILE = myMoviesTests/Info.plist;
				LD_RUNPATH_SEARCH_PATHS = (
					"$(inherited)",
					"@executable_path/Frameworks",
					"@loader_path/Frameworks",
				);
				PRODUCT_BUNDLE_IDENTIFIER = com.maksbond.myMoviesTests;
				PRODUCT_NAME = "$(TARGET_NAME)";
				SWIFT_VERSION = 5.0;
				TARGETED_DEVICE_FAMILY = "1,2";
				TEST_HOST = "$(BUILT_PRODUCTS_DIR)/myMovies.app/myMovies";
			};
			name = Debug;
		};
		7A5604DA230060BF00B57603 /* Release */ = {
			isa = XCBuildConfiguration;
			baseConfigurationReference = C63462D49A818FD325711514 /* Pods-myMoviesTests.release.xcconfig */;
			buildSettings = {
				ALWAYS_EMBED_SWIFT_STANDARD_LIBRARIES = YES;
				BUNDLE_LOADER = "$(TEST_HOST)";
				CODE_SIGN_STYLE = Automatic;
				DEVELOPMENT_TEAM = C98X7R8QA5;
				INFOPLIST_FILE = myMoviesTests/Info.plist;
				LD_RUNPATH_SEARCH_PATHS = (
					"$(inherited)",
					"@executable_path/Frameworks",
					"@loader_path/Frameworks",
				);
				PRODUCT_BUNDLE_IDENTIFIER = com.maksbond.myMoviesTests;
				PRODUCT_NAME = "$(TARGET_NAME)";
				SWIFT_VERSION = 5.0;
				TARGETED_DEVICE_FAMILY = "1,2";
				TEST_HOST = "$(BUILT_PRODUCTS_DIR)/myMovies.app/myMovies";
			};
			name = Release;
		};
/* End XCBuildConfiguration section */

/* Begin XCConfigurationList section */
		7A5604B0230060BD00B57603 /* Build configuration list for PBXProject "myMovies" */ = {
			isa = XCConfigurationList;
			buildConfigurations = (
				7A5604D3230060BF00B57603 /* Debug */,
				7A5604D4230060BF00B57603 /* Release */,
			);
			defaultConfigurationIsVisible = 0;
			defaultConfigurationName = Release;
		};
		7A5604D5230060BF00B57603 /* Build configuration list for PBXNativeTarget "myMovies" */ = {
			isa = XCConfigurationList;
			buildConfigurations = (
				7A5604D6230060BF00B57603 /* Debug */,
				7A5604D7230060BF00B57603 /* Release */,
			);
			defaultConfigurationIsVisible = 0;
			defaultConfigurationName = Release;
		};
		7A5604D8230060BF00B57603 /* Build configuration list for PBXNativeTarget "myMoviesTests" */ = {
			isa = XCConfigurationList;
			buildConfigurations = (
				7A5604D9230060BF00B57603 /* Debug */,
				7A5604DA230060BF00B57603 /* Release */,
			);
			defaultConfigurationIsVisible = 0;
			defaultConfigurationName = Release;
		};
/* End XCConfigurationList section */

/* Begin XCVersionGroup section */
		7A5604BF230060BD00B57603 /* myMovies.xcdatamodeld */ = {
			isa = XCVersionGroup;
			children = (
				7A5604C0230060BD00B57603 /* myMovies.xcdatamodel */,
			);
			currentVersion = 7A5604C0230060BD00B57603 /* myMovies.xcdatamodel */;
			path = myMovies.xcdatamodeld;
			sourceTree = "<group>";
			versionGroupType = wrapper.xcdatamodel;
		};
/* End XCVersionGroup section */
	};
	rootObject = 7A5604AD230060BD00B57603 /* Project object */;
}
